Microsoft Visual Studio Solution File, Format Version 12.00
# Visual Studio 2012
Project("{FAE04EC0-301F-11D3-BF4B-00C04F79EFBC}") = "ClimateGame", "ClimateGame.csproj", "{6AF04A39-CFD0-42A5-B4EA-8511518DA6ED}"
EndProject
Global
	GlobalSection(SolutionConfigurationPlatforms) = preSolution
	Debug|Any CPU = Debug|Any CPU
	ExportDebug|Any CPU = ExportDebug|Any CPU
	ExportRelease|Any CPU = ExportRelease|Any CPU
	EndGlobalSection
	GlobalSection(ProjectConfigurationPlatforms) = postSolution
		{6AF04A39-CFD0-42A5-B4EA-8511518DA6ED}.Debug|Any CPU.ActiveCfg = Debug|Any CPU
		{6AF04A39-CFD0-42A5-B4EA-8511518DA6ED}.Debug|Any CPU.Build.0 = Debug|Any CPU
		{6AF04A39-CFD0-42A5-B4EA-8511518DA6ED}.ExportDebug|Any CPU.ActiveCfg = ExportDebug|Any CPU
		{6AF04A39-CFD0-42A5-B4EA-8511518DA6ED}.ExportDebug|Any CPU.Build.0 = ExportDebug|Any CPU
		{6AF04A39-CFD0-42A5-B4EA-8511518DA6ED}.ExportRelease|Any CPU.ActiveCfg = ExportRelease|Any CPU
		{6AF04A39-CFD0-42A5-B4EA-8511518DA6ED}.ExportRelease|Any CPU.Build.0 = ExportRelease|Any CPU
	EndGlobalSection
EndGlobal
